
Microsoft Visual Studio Solution File, Format Version 12.00
# Visual Studio Version 17
VisualStudioVersion = 17.9.34902.65
MinimumVisualStudioVersion = 10.0.40219.1
Project("{9A19103F-16F7-4668-BE54-9A1E7A4F7556}") = "mPloy_TeamProjectG5", "mPloy_TeamProjectG5.csproj", "{EF2C9075-1BA6-47E2-BA99-A0315BB338E7}"
EndProject
Global
	GlobalSection(SolutionConfigurationPlatforms) = preSolution
		Debug|Any CPU = Debug|Any CPU
		Release|Any CPU = Release|Any CPU
	EndGlobalSection
	GlobalSection(ProjectConfigurationPlatforms) = postSolution
		{EF2C9075-1BA6-47E2-BA99-A0315BB338E7}.Debug|Any CPU.ActiveCfg = Debug|Any CPU
		{EF2C9075-1BA6-47E2-BA99-A0315BB338E7}.Debug|Any CPU.Build.0 = Debug|Any CPU
		{EF2C9075-1BA6-47E2-BA99-A0315BB338E7}.Release|Any CPU.ActiveCfg = Release|Any CPU
		{EF2C9075-1BA6-47E2-BA99-A0315BB338E7}.Release|Any CPU.Build.0 = Release|Any CPU
	EndGlobalSection
	GlobalSection(SolutionProperties) = preSolution
		HideSolutionNode = FALSE
	EndGlobalSection
	GlobalSection(ExtensibilityGlobals) = postSolution
		SolutionGuid = {2B1B9E37-0553-4556-AAD7-BC70718E5872}
	EndGlobalSection
EndGlobal
